nvidia-driver:
  upstream-sha: f769f889081c6ca317e8e33f4cd2e3797fbe336f
nvidia-driver-selinux:
  upstream-sha: 4bba0e06d8b86bb1fc2066c285c1d9b5a2408561
nvidia-kmod-common:
  upstream-sha: 36cd322cd6eaa95d9edb82a76c09f76917e51d8b
nvidia-modprobe:
  upstream-sha: bf453313b1b26792c98fd400518c40509afae249
nvidia-persistenced:
  upstream-sha: 5eb5560e0d135ca029686ed1940b447df987dcde
nvidia-settings:
  upstream-sha: a9b2b54481a4ff70fc453c4691a2a4c4b54f4fea
