nvidia-driver:
  upstream-sha: 434cb1ccaf98ba465d0fd568a29f8ae47f620c76
nvidia-driver-selinux:
  upstream-sha: 2593353153a6a2f256d5aa1559b36dd365c006ee
nvidia-kmod-common:
  upstream-sha: 313ae20223884bb90540674c24dd09370cc31055
nvidia-modprobe:
  upstream-sha: b2617b5e69816f84282c01cf7c39d562b3daebbf
nvidia-persistenced:
  upstream-sha: cdcafba68198a2469f768f860bd7e37cd7023963
nvidia-settings:
  upstream-sha: ce7cb01b13f5517a9fa6073dc90a92fb1d60f352
