plasma-setup:
  upstream-sha: 21085cbc9aa12b089f639d541f672cfa6bffef75
  patch-sha: ce7c23f17fec88cef08e93e2a093c707c251280c
kwin:
  patch-sha: 45ec9a6d0ed312a803ff5658a2a3e61f221566c6
  upstream-sha: cdb4c512f064f82d054107d0775f97e5394d4a61
plasma-mobile:
  patch-sha: 1c85763ad6b6783159c580c34cd3d89165b52881
  upstream-sha: 6d3b7954141ab778c9ec28016859f5f8db284e37
plasma-login-manager:
  patch-sha: f1688d734227510068a4eab54e67b9528b5444d5
  upstream-sha: f11c167f2c3297a7a22d5b8657292726de3fee90
