plasma-setup:
  upstream-sha: b912d84866cb2236b473abb639aab4a3482ed2db
  patch-sha: b3b8648bf0fdd0fb9b0335d5e15aa55124a07c85
kwin:
  patch-sha: 8438567a741826da8b7536a8b10eb3af8fc8820d
  upstream-sha: 02584972a1d93743234acb0e85832f9ee1337c29
plasma-mobile:
  patch-sha: f2558e003b79b3c4dfd9476487422d258a19b61b
  upstream-sha: cf8955ab2e16d6ca7ae265d1e11f66994b33efbf
plasma-login-manager:
  patch-sha: 2c1ee2de10d5a1489a8b1d78e8fa759e7bd15737
  upstream-sha: 2419348da91e33577a7e808c9dbb916b0c4bfd87
