kde/kate:
  upstream-sha: 3d1f7a8e6493173f43c6c859bc288726a2b780aa
kde/konsole:
  upstream-sha: 701851294ae24814fa996066e4a9d41bc89548d4
kde/markdownpart:
  upstream-sha: 0c3f38fd956f64827a9bc80b5d0cff0ca5ed8098
kde/svgpart:
  upstream-sha: 085e5267fad5489c9db9704b9d426319e7f54ff1
kde/qtkeychain:
  upstream-sha: a95a88b38ca8e261e2704795fbbd84dc82db2072
