kde/kate:
  upstream-sha: 13ee92560a73338dbc060135bd3c3817c588790b
kde/konsole:
  upstream-sha: 1b3ef090c88fdf90dd9f9cc65b7aa40b820418b6
kde/markdownpart:
  upstream-sha: 5e707bcb1b29511e70148c512ca65a512c87f07c
kde/svgpart:
  upstream-sha: 2e0b045492c25da58545eaa52b745cfa1e2b9d5a
kde/qtkeychain:
  upstream-sha: 7f88933cd96b93420652f9cbaee851dce8549c26
