gamescope:
  upstream-sha: dd282d499805bdbb55591245e94d550e0adbecaf
  patch-sha: 38b6a9dc4406d4210f0abad679c1fdba7e13dc3a
mangohud:
  upstream-sha: 83471e0529dbdf23bdba1e2cd6e5d0b7883fd46a
  patch-sha: 992103e4fb744897826de04ea00a2f71e7018214
xserver:
  patch-sha: d958b4e84c903e8d5851b5ea587b998e4834ce62
  upstream-sha: f393c03be1e67b2a24c2c53272bed4fcea917188
steamos-manager:
  patch-sha: 244e21225379af4037aeeabdc6efd5b71984e7dd
xdg-desktop-portal-gamescope:
  patch-sha: 412a4bff892bdb5726a549d03b11e6ce2f8e8152
vpower:
  patch-sha: c723797cb7bd940066f4ac981790610e2f3aff1c
